
Microsoft Visual Studio Solution File, Format Version 12.00
# Visual Studio Version 16
VisualStudioVersion = 25.0.1704.0
MinimumVisualStudioVersion = 10.0.40219.1
Project("{FAE04EC0-301F-11D3-BF4B-00C04F79EFBC}") = "azure-function-redis-binding", "azure-function-redis-binding\azure-function-redis-binding.csproj", "{AB76CB58-DEA2-49AC-8253-38363F7C74B4}"
EndProject
Project("{FAE04EC0-301F-11D3-BF4B-00C04F79EFBC}") = "azure-function-sandbox", "SandboxFunction\azure-function-sandbox.csproj", "{AD6F6D0B-6300-4E36-BCCE-EA06FD82F009}"
EndProject
Global
	GlobalSection(SolutionConfigurationPlatforms) = preSolution
		Debug|Any CPU = Debug|Any CPU
		Release|Any CPU = Release|Any CPU
	EndGlobalSection
	GlobalSection(ProjectConfigurationPlatforms) = postSolution
		{AB76CB58-DEA2-49AC-8253-38363F7C74B4}.Debug|Any CPU.ActiveCfg = Debug|Any CPU
		{AB76CB58-DEA2-49AC-8253-38363F7C74B4}.Debug|Any CPU.Build.0 = Debug|Any CPU
		{AB76CB58-DEA2-49AC-8253-38363F7C74B4}.Release|Any CPU.ActiveCfg = Release|Any CPU
		{AB76CB58-DEA2-49AC-8253-38363F7C74B4}.Release|Any CPU.Build.0 = Release|Any CPU
		{AD6F6D0B-6300-4E36-BCCE-EA06FD82F009}.Debug|Any CPU.ActiveCfg = Debug|Any CPU
		{AD6F6D0B-6300-4E36-BCCE-EA06FD82F009}.Debug|Any CPU.Build.0 = Debug|Any CPU
		{AD6F6D0B-6300-4E36-BCCE-EA06FD82F009}.Release|Any CPU.ActiveCfg = Release|Any CPU
		{AD6F6D0B-6300-4E36-BCCE-EA06FD82F009}.Release|Any CPU.Build.0 = Release|Any CPU
	EndGlobalSection
	GlobalSection(SolutionProperties) = preSolution
		HideSolutionNode = FALSE
	EndGlobalSection
	GlobalSection(ExtensibilityGlobals) = postSolution
		SolutionGuid = {1EE9C507-F92C-40AD-B984-BC3FB4FCB471}
	EndGlobalSection
EndGlobal
