
Microsoft Visual Studio Solution File, Format Version 12.00
# Visual Studio Version 16
VisualStudioVersion = 25.0.1704.0
MinimumVisualStudioVersion = 10.0.40219.1
Project("{FAE04EC0-301F-11D3-BF4B-00C04F79EFBC}") = "azure-function-redis-binding", "azure-function-redis-binding.csproj", "{A8646D90-ABAA-4195-BBE9-C7017B6ADAD8}"
EndProject
Global
	GlobalSection(SolutionConfigurationPlatforms) = preSolution
		Debug|Any CPU = Debug|Any CPU
		Release|Any CPU = Release|Any CPU
	EndGlobalSection
	GlobalSection(ProjectConfigurationPlatforms) = postSolution
		{A8646D90-ABAA-4195-BBE9-C7017B6ADAD8}.Debug|Any CPU.ActiveCfg = Debug|Any CPU
		{A8646D90-ABAA-4195-BBE9-C7017B6ADAD8}.Debug|Any CPU.Build.0 = Debug|Any CPU
		{A8646D90-ABAA-4195-BBE9-C7017B6ADAD8}.Release|Any CPU.ActiveCfg = Release|Any CPU
		{A8646D90-ABAA-4195-BBE9-C7017B6ADAD8}.Release|Any CPU.Build.0 = Release|Any CPU
	EndGlobalSection
	GlobalSection(SolutionProperties) = preSolution
		HideSolutionNode = FALSE
	EndGlobalSection
	GlobalSection(ExtensibilityGlobals) = postSolution
		SolutionGuid = {4BA36B97-EA7D-48D6-A924-09E560C5CB56}
	EndGlobalSection
EndGlobal
